
Microsoft Visual Studio Solution File, Format Version 12.00
# Visual Studio Version 16
VisualStudioVersion = 16.0.30114.105
MinimumVisualStudioVersion = 10.0.40219.1
Project("{FAE04EC0-301F-11D3-BF4B-00C04F79EFBC}") = "WeatherFlowUdpListener.Tests", "WeatherFlowUdpListener.Tests\WeatherFlowUdpListener.Tests.csproj", "{5D7CFBE6-BEB4-4DD3-82FC-92814D7C4B68}"
EndProject
Project("{FAE04EC0-301F-11D3-BF4B-00C04F79EFBC}") = "WeatherFlowUdpListener", "WeatherFlowUdpListener\WeatherFlowUdpListener.csproj", "{4CE73702-98D9-47E2-A9CC-A7A3BA0D50F6}"
EndProject
Global
	GlobalSection(SolutionConfigurationPlatforms) = preSolution
		Debug|Any CPU = Debug|Any CPU
		Release|Any CPU = Release|Any CPU
	EndGlobalSection
	GlobalSection(SolutionProperties) = preSolution
		HideSolutionNode = FALSE
	EndGlobalSection
	GlobalSection(ProjectConfigurationPlatforms) = postSolution
		{5D7CFBE6-BEB4-4DD3-82FC-92814D7C4B68}.Debug|Any CPU.ActiveCfg = Debug|Any CPU
		{5D7CFBE6-BEB4-4DD3-82FC-92814D7C4B68}.Debug|Any CPU.Build.0 = Debug|Any CPU
		{5D7CFBE6-BEB4-4DD3-82FC-92814D7C4B68}.Release|Any CPU.ActiveCfg = Release|Any CPU
		{5D7CFBE6-BEB4-4DD3-82FC-92814D7C4B68}.Release|Any CPU.Build.0 = Release|Any CPU
		{4CE73702-98D9-47E2-A9CC-A7A3BA0D50F6}.Debug|Any CPU.ActiveCfg = Debug|Any CPU
		{4CE73702-98D9-47E2-A9CC-A7A3BA0D50F6}.Debug|Any CPU.Build.0 = Debug|Any CPU
		{4CE73702-98D9-47E2-A9CC-A7A3BA0D50F6}.Release|Any CPU.ActiveCfg = Release|Any CPU
		{4CE73702-98D9-47E2-A9CC-A7A3BA0D50F6}.Release|Any CPU.Build.0 = Release|Any CPU
	EndGlobalSection
EndGlobal
